// !$*UTF8*$!
{
	archiveVersion = 1;
	classes = {
	};
	objectVersion = 46;
	objects = {

/* Begin PBXBuildFile section */
		52E661641A25B50200092ACF /* main.m in Sources */ = {isa = PBXBuildFile; fileRef = 52E661631A25B50200092ACF /* main.m */; };
		52E661671A25B50200092ACF /* AppDelegate.m in Sources */ = {isa = PBXBuildFile; fileRef = 52E661661A25B50200092ACF /* AppDelegate.m */; };
		52E6616A1A25B50200092ACF /* ViewController.m in Sources */ = {isa = PBXBuildFile; fileRef = 52E661691A25B50200092ACF /* ViewController.m */; };
		52E6616D1A25B50200092ACF /* Main.storyboard in Resources */ = {isa = PBXBuildFile; fileRef = 52E6616B1A25B50200092ACF /* Main.storyboard */; };
		52E6616F1A25B50200092ACF /* Images.xcassets in Resources */ = {isa = PBXBuildFile; fileRef = 52E6616E1A25B50200092ACF /* Images.xcassets */; };
		52E661721A25B50200092ACF /* LaunchScreen.xib in Resources */ = {isa = PBXBuildFile; fileRef = 52E661701A25B50200092ACF /* LaunchScreen.xib */; };
		52E6617E1A25B50200092ACF /* emblmTests.m in Sources */ = {isa = PBXBuildFile; fileRef = 52E6617D1A25B50200092ACF /* emblmTests.m */; };
/* End PBXBuildFile section */

/* Begin PBXContainerItemProxy section */
		52E661781A25B50200092ACF /* PBXContainerItemProxy */ = {
			isa = PBXContainerItemProxy;
			containerPortal = 52E661561A25B50100092ACF /* Project object */;
			proxyType = 1;
			remoteGlobalIDString = 52E6615D1A25B50100092ACF;
			remoteInfo = emblm;
		};
/* End PBXContainerItemProxy section */

/* Begin PBXFileReference section */
		52E6615E1A25B50200092ACF /* emblm.app */ = {isa = PBXFileReference; explicitFileType = wrapper.application; includeInIndex = 0; path = emblm.app; sourceTree = BUILT_PRODUCTS_DIR; };
		52E661621A25B50200092ACF /* Info.plist */ = {isa = PBXFileReference; lastKnownFileType = text.plist.xml; path = Info.plist; sourceTree = "<group>"; };
		52E661631A25B50200092ACF /* main.m */ = {isa = PBXFileReference; lastKnownFileType = sourcecode.c.objc; path = main.m; sourceTree = "<group>"; };
		52E661651A25B50200092ACF /* AppDelegate.h */ = {isa = PBXFileReference; lastKnownFileType = sourcecode.c.h; path = AppDelegate.h; sourceTree = "<group>"; };
		52E661661A25B50200092ACF /* AppDelegate.m */ = {isa = PBXFileReference; lastKnownFileType = sourcecode.c.objc; path = AppDelegate.m; sourceTree = "<group>"; };
		52E661681A25B50200092ACF /* ViewController.h */ = {isa = PBXFileReference; lastKnownFileType = sourcecode.c.h; path = ViewController.h; sourceTree = "<group>"; };
		52E661691A25B50200092ACF /* ViewController.m */ = {isa = PBXFileReference; lastKnownFileType = sourcecode.c.objc; path = ViewController.m; sourceTree = "<group>"; };
		52E6616C1A25B50200092ACF /* Base */ = {isa = PBXFileReference; lastKnownFileType = file.storyboard; name = Base; path = Base.lproj/Main.storyboard; sourceTree = "<group>"; };
		52E6616E1A25B50200092ACF /* Images.xcassets */ = {isa = PBXFileReference; lastKnownFileType = folder.assetcatalog; path = Images.xcassets; sourceTree = "<group>"; };
		52E661711A25B50200092ACF /* Base */ = {isa = PBXFileReference; lastKnownFileType = file.xib; name = Base; path = Base.lproj/LaunchScreen.xib; sourceTree = "<group>"; };
		52E661771A25B50200092ACF /* emblmTests.xctest */ = {isa = PBXFileReference; explicitFileType = wrapper.cfbundle; includeInIndex = 0; path = emblmTests.xctest; sourceTree = BUILT_PRODUCTS_DIR; };
		52E6617C1A25B50200092ACF /* Info.plist */ = {isa = PBXFileReference; lastKnownFileType = text.plist.xml; path = Info.plist; sourceTree = "<group>"; };
		52E6617D1A25B50200092ACF /* emblmTests.m */ = {isa = PBXFileReference; lastKnownFileType = sourcecode.c.objc; path = emblmTests.m; sourceTree = "<group>"; };
/* End PBXFileReference section */

/* Begin PBXFrameworksBuildPhase section */
		52E6615B1A25B50100092ACF /* Frameworks */ = {
			isa = PBXFrameworksBuildPhase;
			buildActionMask = 2147483647;
			files = (
			);
			runOnlyForDeploymentPostprocessing = 0;
		};
		52E661741A25B50200092ACF /* Frameworks */ = {
			isa = PBXFrameworksBuildPhase;
			buildActionMask = 2147483647;
			files = (
			);
			runOnlyForDeploymentPostprocessing = 0;
		};
/* End PBXFrameworksBuildPhase section */

/* Begin PBXGroup section */
		52E661551A25B50100092ACF = {
			isa = PBXGroup;
			children = (
				52E661601A25B50200092ACF /* emblm */,
				52E6617A1A25B50200092ACF /* emblmTests */,
				52E6615F1A25B50200092ACF /* Products */,
			);
			sourceTree = "<group>";
		};
		52E6615F1A25B50200092ACF /* Products */ = {
			isa = PBXGroup;
			children = (
				52E6615E1A25B50200092ACF /* emblm.app */,
				52E661771A25B50200092ACF /* emblmTests.xctest */,
			);
			name = Products;
			sourceTree = "<group>";
		};
		52E661601A25B50200092ACF /* emblm */ = {
			isa = PBXGroup;
			children = (
				52E661651A25B50200092ACF /* AppDelegate.h */,
				52E661661A25B50200092ACF /* AppDelegate.m */,
				52E661681A25B50200092ACF /* ViewController.h */,
				52E661691A25B50200092ACF /* ViewController.m */,
				52E6616B1A25B50200092ACF /* Main.storyboard */,
				52E6616E1A25B50200092ACF /* Images.xcassets */,
				52E661701A25B50200092ACF /* LaunchScreen.xib */,
				52E661611A25B50200092ACF /* Supporting Files */,
			);
			path = emblm;
			sourceTree = "<group>";
		};
		52E661611A25B50200092ACF /* Supporting Files */ = {
			isa = PBXGroup;
			children = (
				52E661621A25B50200092ACF /* Info.plist */,
				52E661631A25B50200092ACF /* main.m */,
			);
			name = "Supporting Files";
			sourceTree = "<group>";
		};
		52E6617A1A25B50200092ACF /* emblmTests */ = {
			isa = PBXGroup;
			children = (
				52E6617D1A25B50200092ACF /* emblmTests.m */,
				52E6617B1A25B50200092ACF /* Supporting Files */,
			);
			path = emblmTests;
			sourceTree = "<group>";
		};
		52E6617B1A25B50200092ACF /* Supporting Files */ = {
			isa = PBXGroup;
			children = (
				52E6617C1A25B50200092ACF /* Info.plist */,
			);
			name = "Supporting Files";
			sourceTree = "<group>";
		};
/* End PBXGroup section */

/* Begin PBXNativeTarget section */
		52E6615D1A25B50100092ACF /* emblm */ = {
			isa = PBXNativeTarget;
			buildConfigurationList = 52E661811A25B50200092ACF /* Build configuration list for PBXNativeTarget "emblm" */;
			buildPhases = (
				52E6615A1A25B50100092ACF /* Sources */,
				52E6615B1A25B50100092ACF /* Frameworks */,
				52E6615C1A25B50100092ACF /* Resources */,
			);
			buildRules = (
			);
			dependencies = (
			);
			name = emblm;
			productName = emblm;
			productReference = 52E6615E1A25B50200092ACF /* emblm.app */;
			productType = "com.apple.product-type.application";
		};
		52E661761A25B50200092ACF /* emblmTests */ = {
			isa = PBXNativeTarget;
			buildConfigurationList = 52E661841A25B50200092ACF /* Build configuration list for PBXNativeTarget "emblmTests" */;
			buildPhases = (
				52E661731A25B50200092ACF /* Sources */,
				52E661741A25B50200092ACF /* Frameworks */,
				52E661751A25B50200092ACF /* Resources */,
			);
			buildRules = (
			);
			dependencies = (
				52E661791A25B50200092ACF /* PBXTargetDependency */,
			);
			name = emblmTests;
			productName = emblmTests;
			productReference = 52E661771A25B50200092ACF /* emblmTests.xctest */;
			productType = "com.apple.product-type.bundle.unit-test";
		};
/* End PBXNativeTarget section */

/* Begin PBXProject section */
		52E661561A25B50100092ACF /* Project object */ = {
			isa = PBXProject;
			attributes = {
				LastUpgradeCheck = 0610;
				ORGANIZATIONNAME = Vaayoo;
				TargetAttributes = {
					52E6615D1A25B50100092ACF = {
						CreatedOnToolsVersion = 6.1;
					};
					52E661761A25B50200092ACF = {
						CreatedOnToolsVersion = 6.1;
						TestTargetID = 52E6615D1A25B50100092ACF;
					};
				};
			};
			buildConfigurationList = 52E661591A25B50100092ACF /* Build configuration list for PBXProject "emblm" */;
			compatibilityVersion = "Xcode 3.2";
			developmentRegion = English;
			hasScannedForEncodings = 0;
			knownRegions = (
				en,
				Base,
			);
			mainGroup = 52E661551A25B50100092ACF;
			productRefGroup = 52E6615F1A25B50200092ACF /* Products */;
			projectDirPath = "";
			projectRoot = "";
			targets = (
				52E6615D1A25B50100092ACF /* emblm */,
				52E661761A25B50200092ACF /* emblmTests */,
			);
		};
/* End PBXProject section */

/* Begin PBXResourcesBuildPhase section */
		52E6615C1A25B50100092ACF /* Resources */ = {
			isa = PBXResourcesBuildPhase;
			buildActionMask = 2147483647;
			files = (
				52E6616D1A25B50200092ACF /* Main.storyboard in Resources */,
				52E661721A25B50200092ACF /* LaunchScreen.xib in Resources */,
				52E6616F1A25B50200092ACF /* Images.xcassets in Resources */,
			);
			runOnlyForDeploymentPostprocessing = 0;
		};
		52E661751A25B50200092ACF /* Resources */ = {
			isa = PBXResourcesBuildPhase;
			buildActionMask = 2147483647;
			files = (
			);
			runOnlyForDeploymentPostprocessing = 0;
		};
/* End PBXResourcesBuildPhase section */

/* Begin PBXSourcesBuildPhase section */
		52E6615A1A25B50100092ACF /* Sources */ = {
			isa = PBXSourcesBuildPhase;
			buildActionMask = 2147483647;
			files = (
				52E6616A1A25B50200092ACF /* ViewController.m in Sources */,
				52E661671A25B50200092ACF /* AppDelegate.m in Sources */,
				52E661641A25B50200092ACF /* main.m in Sources */,
			);
			runOnlyForDeploymentPostprocessing = 0;
		};
		52E661731A25B50200092ACF /* Sources */ = {
			isa = PBXSourcesBuildPhase;
			buildActionMask = 2147483647;
			files = (
				52E6617E1A25B50200092ACF /* emblmTests.m in Sources */,
			);
			runOnlyForDeploymentPostprocessing = 0;
		};
/* End PBXSourcesBuildPhase section */

/* Begin PBXTargetDependency section */
		52E661791A25B50200092ACF /* PBXTargetDependency */ = {
			isa = PBXTargetDependency;
			target = 52E6615D1A25B50100092ACF /* emblm */;
			targetProxy = 52E661781A25B50200092ACF /* PBXContainerItemProxy */;
		};
/* End PBXTargetDependency section */

/* Begin PBXVariantGroup section */
		52E6616B1A25B50200092ACF /* Main.storyboard */ = {
			isa = PBXVariantGroup;
			children = (
				52E6616C1A25B50200092ACF /* Base */,
			);
			name = Main.storyboard;
			sourceTree = "<group>";
		};
		52E661701A25B50200092ACF /* LaunchScreen.xib */ = {
			isa = PBXVariantGroup;
			children = (
				52E661711A25B50200092ACF /* Base */,
			);
			name = LaunchScreen.xib;
			sourceTree = "<group>";
		};
/* End PBXVariantGroup section */

/* Begin XCBuildConfiguration section */
		52E6617F1A25B50200092ACF /* Debug */ = {
			isa = XCBuildConfiguration;
			buildSettings = {
				ALWAYS_SEARCH_USER_PATHS = NO;
				CLANG_CXX_LANGUAGE_STANDARD = "gnu++0x";
				CLANG_CXX_LIBRARY = "libc++";
				CLANG_ENABLE_MODULES = YES;
				CLANG_ENABLE_OBJC_ARC = YES;
				CLANG_WARN_BOOL_CONVERSION = YES;
				CLANG_WARN_CONSTANT_CONVERSION = YES;
				CLANG_WARN_DIRECT_OBJC_ISA_USAGE = YES_ERROR;
				CLANG_WARN_EMPTY_BODY = YES;
				CLANG_WARN_ENUM_CONVERSION = YES;
				CLANG_WARN_INT_CONVERSION = YES;
				CLANG_WARN_OBJC_ROOT_CLASS = YES_ERROR;
				CLANG_WARN_UNREACHABLE_CODE = YES;
				CLANG_WARN__DUPLICATE_METHOD_MATCH = YES;
				"CODE_SIGN_IDENTITY[sdk=iphoneos*]" = "iPhone Developer";
				COPY_PHASE_STRIP = NO;
				ENABLE_STRICT_OBJC_MSGSEND = YES;
				GCC_C_LANGUAGE_STANDARD = gnu99;
				GCC_DYNAMIC_NO_PIC = NO;
				GCC_OPTIMIZATION_LEVEL = 0;
				GCC_PREPROCESSOR_DEFINITIONS = (
					"DEBUG=1",
					"$(inherited)",
				);
				GCC_SYMBOLS_PRIVATE_EXTERN = NO;
				GCC_WARN_64_TO_32_BIT_CONVERSION = YES;
				GCC_WARN_ABOUT_RETURN_TYPE = YES_ERROR;
				GCC_WARN_UNDECLARED_SELECTOR = YES;
				GCC_WARN_UNINITIALIZED_AUTOS = YES_AGGRESSIVE;
				GCC_WARN_UNUSED_FUNCTION = YES;
				GCC_WARN_UNUSED_VARIABLE = YES;
				IPHONEOS_DEPLOYMENT_TARGET = 8.1;
				MTL_ENABLE_DEBUG_INFO = YES;
				ONLY_ACTIVE_ARCH = YES;
				SDKROOT = iphoneos;
			};
			name = Debug;
		};
		52E661801A25B50200092ACF /* Release */ = {
			isa = XCBuildConfiguration;
			buildSettings = {
				ALWAYS_SEARCH_USER_PATHS = NO;
				CLANG_CXX_LANGUAGE_STANDARD = "gnu++0x";
				CLANG_CXX_LIBRARY = "libc++";
				CLANG_ENABLE_MODULES = YES;
				CLANG_ENABLE_OBJC_ARC = YES;
				CLANG_WARN_BOOL_CONVERSION = YES;
				CLANG_WARN_CONSTANT_CONVERSION = YES;
				CLANG_WARN_DIRECT_OBJC_ISA_USAGE = YES_ERROR;
				CLANG_WARN_EMPTY_BODY = YES;
				CLANG_WARN_ENUM_CONVERSION = YES;
				CLANG_WARN_INT_CONVERSION = YES;
				CLANG_WARN_OBJC_ROOT_CLASS = YES_ERROR;
				CLANG_WARN_UNREACHABLE_CODE = YES;
				CLANG_WARN__DUPLICATE_METHOD_MATCH = YES;
				"CODE_SIGN_IDENTITY[sdk=iphoneos*]" = "iPhone Developer";
				COPY_PHASE_STRIP = YES;
				ENABLE_NS_ASSERTIONS = NO;
				ENABLE_STRICT_OBJC_MSGSEND = YES;
				GCC_C_LANGUAGE_STANDARD = gnu99;
				GCC_WARN_64_TO_32_BIT_CONVERSION = YES;
				GCC_WARN_ABOUT_RETURN_TYPE = YES_ERROR;
				GCC_WARN_UNDECLARED_SELECTOR = YES;
				GCC_WARN_UNINITIALIZED_AUTOS = YES_AGGRESSIVE;
				GCC_WARN_UNUSED_FUNCTION = YES;
				GCC_WARN_UNUSED_VARIABLE = YES;
				IPHONEOS_DEPLOYMENT_TARGET = 8.1;
				MTL_ENABLE_DEBUG_INFO = NO;
				SDKROOT = iphoneos;
				VALIDATE_PRODUCT = YES;
			};
			name = Release;
		};
		52E661821A25B50200092ACF /* Debug */ = {
			isa = XCBuildConfiguration;
			buildSettings = {
				ASSETCATALOG_COMPILER_APPICON_NAME = AppIcon;
				INFOPLIST_FILE = emblm/Info.plist;
				LD_RUNPATH_SEARCH_PATHS = "$(inherited) @executable_path/Frameworks";
				PRODUCT_NAME = "$(TARGET_NAME)";
			};
			name = Debug;
		};
		52E661831A25B50200092ACF /* Release */ = {
			isa = XCBuildConfiguration;
			buildSettings = {
				ASSETCATALOG_COMPILER_APPICON_NAME = AppIcon;
				INFOPLIST_FILE = emblm/Info.plist;
				LD_RUNPATH_SEARCH_PATHS = "$(inherited) @executable_path/Frameworks";
				PRODUCT_NAME = "$(TARGET_NAME)";
			};
			name = Release;
		};
		52E661851A25B50200092ACF /* Debug */ = {
			isa = XCBuildConfiguration;
			buildSettings = {
				BUNDLE_LOADER = "$(TEST_HOST)";
				FRAMEWORK_SEARCH_PATHS = (
					"$(SDKROOT)/Developer/Library/Frameworks",
					"$(inherited)",
				);
				GCC_PREPROCESSOR_DEFINITIONS = (
					"DEBUG=1",
					"$(inherited)",
				);
				INFOPLIST_FILE = emblmTests/Info.plist;
				LD_RUNPATH_SEARCH_PATHS = "$(inherited) @executable_path/Frameworks @loader_path/Frameworks";
				PRODUCT_NAME = "$(TARGET_NAME)";
				TEST_HOST = "$(BUILT_PRODUCTS_DIR)/emblm.app/emblm";
			};
			name = Debug;
		};
		52E661861A25B50200092ACF /* Release */ = {
			isa = XCBuildConfiguration;
			buildSettings = {
				BUNDLE_LOADER = "$(TEST_HOST)";
				FRAMEWORK_SEARCH_PATHS = (
					"$(SDKROOT)/Developer/Library/Frameworks",
					"$(inherited)",
				);
				INFOPLIST_FILE = emblmTests/Info.plist;
				LD_RUNPATH_SEARCH_PATHS = "$(inherited) @executable_path/Frameworks @loader_path/Frameworks";
				PRODUCT_NAME = "$(TARGET_NAME)";
				TEST_HOST = "$(BUILT_PRODUCTS_DIR)/emblm.app/emblm";
			};
			name = Release;
		};
/* End XCBuildConfiguration section */

/* Begin XCConfigurationList section */
		52E661591A25B50100092ACF /* Build configuration list for PBXProject "emblm" */ = {
			isa = XCConfigurationList;
			buildConfigurations = (
				52E6617F1A25B50200092ACF /* Debug */,
				52E661801A25B50200092ACF /* Release */,
			);
			defaultConfigurationIsVisible = 0;
			defaultConfigurationName = Release;
		};
		52E661811A25B50200092ACF /* Build configuration list for PBXNativeTarget "emblm" */ = {
			isa = XCConfigurationList;
			buildConfigurations = (
				52E661821A25B50200092ACF /* Debug */,
				52E661831A25B50200092ACF /* Release */,
			);
			defaultConfigurationIsVisible = 0;
		};
		52E661841A25B50200092ACF /* Build configuration list for PBXNativeTarget "emblmTests" */ = {
			isa = XCConfigurationList;
			buildConfigurations = (
				52E661851A25B50200092ACF /* Debug */,
				52E661861A25B50200092ACF /* Release */,
			);
			defaultConfigurationIsVisible = 0;
		};
/* End XCConfigurationList section */
	};
	rootObject = 52E661561A25B50100092ACF /* Project object */;
}
